
Microsoft Visual Studio Solution File, Format Version 12.00
# Visual Studio Version 16
VisualStudioVersion = 16.0.30114.105
MinimumVisualStudioVersion = 10.0.40219.1
Project("{2150E333-8FDC-42A3-9474-1A3956D46DE8}") = "Src", "Src", "{72999321-FFAB-40F4-8C2B-689C83F98B4E}"
EndProject
Project("{FAE04EC0-301F-11D3-BF4B-00C04F79EFBC}") = "AgeCalculationApp", "Src\AgeCalculationApp\AgeCalculationApp.csproj", "{97F1D984-B970-4242-87ED-AD5F340F22BD}"
EndProject
Global
	GlobalSection(SolutionConfigurationPlatforms) = preSolution
		Debug|Any CPU = Debug|Any CPU
		Debug|x64 = Debug|x64
		Debug|x86 = Debug|x86
		Release|Any CPU = Release|Any CPU
		Release|x64 = Release|x64
		Release|x86 = Release|x86
	EndGlobalSection
	GlobalSection(SolutionProperties) = preSolution
		HideSolutionNode = FALSE
	EndGlobalSection
	GlobalSection(ProjectConfigurationPlatforms) = postSolution
		{97F1D984-B970-4242-87ED-AD5F340F22BD}.Debug|Any CPU.ActiveCfg = Debug|Any CPU
		{97F1D984-B970-4242-87ED-AD5F340F22BD}.Debug|Any CPU.Build.0 = Debug|Any CPU
		{97F1D984-B970-4242-87ED-AD5F340F22BD}.Debug|x64.ActiveCfg = Debug|Any CPU
		{97F1D984-B970-4242-87ED-AD5F340F22BD}.Debug|x64.Build.0 = Debug|Any CPU
		{97F1D984-B970-4242-87ED-AD5F340F22BD}.Debug|x86.ActiveCfg = Debug|Any CPU
		{97F1D984-B970-4242-87ED-AD5F340F22BD}.Debug|x86.Build.0 = Debug|Any CPU
		{97F1D984-B970-4242-87ED-AD5F340F22BD}.Release|Any CPU.ActiveCfg = Release|Any CPU
		{97F1D984-B970-4242-87ED-AD5F340F22BD}.Release|Any CPU.Build.0 = Release|Any CPU
		{97F1D984-B970-4242-87ED-AD5F340F22BD}.Release|x64.ActiveCfg = Release|Any CPU
		{97F1D984-B970-4242-87ED-AD5F340F22BD}.Release|x64.Build.0 = Release|Any CPU
		{97F1D984-B970-4242-87ED-AD5F340F22BD}.Release|x86.ActiveCfg = Release|Any CPU
		{97F1D984-B970-4242-87ED-AD5F340F22BD}.Release|x86.Build.0 = Release|Any CPU
	EndGlobalSection
	GlobalSection(NestedProjects) = preSolution
		{97F1D984-B970-4242-87ED-AD5F340F22BD} = {72999321-FFAB-40F4-8C2B-689C83F98B4E}
	EndGlobalSection
EndGlobal
